
Microsoft Visual Studio Solution File, Format Version 12.00
# Visual Studio 15
VisualStudioVersion = 15.0.28010.2048
MinimumVisualStudioVersion = 10.0.40219.1
Project("{9A19103F-16F7-4668-BE54-9A1E7A4F7556}") = "LibHitomi", "LibHitomi\LibHitomi.csproj", "{B9C53641-0FBD-4765-BB8D-497CC47EA8AD}"
EndProject
Project("{FAE04EC0-301F-11D3-BF4B-00C04F79EFBC}") = "LibHitomi.Test", "LibHitomi.Test\LibHitomi.Test.csproj", "{99E1C902-877C-411E-AD23-E1D337913A73}"
EndProject
Global
	GlobalSection(SolutionConfigurationPlatforms) = preSolution
		Debug|Any CPU = Debug|Any CPU
		Release|Any CPU = Release|Any CPU
	EndGlobalSection
	GlobalSection(ProjectConfigurationPlatforms) = postSolution
		{B9C53641-0FBD-4765-BB8D-497CC47EA8AD}.Debug|Any CPU.ActiveCfg = Debug|Any CPU
		{B9C53641-0FBD-4765-BB8D-497CC47EA8AD}.Debug|Any CPU.Build.0 = Debug|Any CPU
		{B9C53641-0FBD-4765-BB8D-497CC47EA8AD}.Release|Any CPU.ActiveCfg = Release|Any CPU
		{B9C53641-0FBD-4765-BB8D-497CC47EA8AD}.Release|Any CPU.Build.0 = Release|Any CPU
		{99E1C902-877C-411E-AD23-E1D337913A73}.Debug|Any CPU.ActiveCfg = Debug|Any CPU
		{99E1C902-877C-411E-AD23-E1D337913A73}.Debug|Any CPU.Build.0 = Debug|Any CPU
		{99E1C902-877C-411E-AD23-E1D337913A73}.Release|Any CPU.ActiveCfg = Release|Any CPU
		{99E1C902-877C-411E-AD23-E1D337913A73}.Release|Any CPU.Build.0 = Release|Any CPU
	EndGlobalSection
	GlobalSection(SolutionProperties) = preSolution
		HideSolutionNode = FALSE
	EndGlobalSection
	GlobalSection(ExtensibilityGlobals) = postSolution
		SolutionGuid = {B33B0D84-6EC5-42A9-8D49-7823763CA47F}
	EndGlobalSection
EndGlobal
